# This file is automatically @generated by Cargo.
# It is not intended for manual editing.
version = 4

[[package]]
name = "autocfg"
version = "1.5.1"
source = "registry+https://github.com/rust-lang/crates.io-index"
checksum = "f2032f911046de80f0a198e0901378627c33f59ea0ac00e363d481118bd70a53"

[[package]]
name = "base64"
version = "0.22.1"
source = "registry+https://github.com/rust-lang/crates.io-index"
checksum = "72b3254f16251a8381aa12e40e3c4d2f0199f8c6508fbecb9d91f575e0fbb8c6"

[[package]]
name = "bincode"
version = "1.3.3"
source = "registry+https://github.com/rust-lang/crates.io-index"
checksum = "b1f45e9417d87227c7a56d22e471c6206462cba514c7590c09aff4cf6d1ddcad"
dependencies = [
 "serde",
]

[[package]]
name = "bitflags"
version = "2.13.1"
source = "registry+https://github.com/rust-lang/crates.io-index"
checksum = "b588b76d00fde79687d7646a9b5bdf3cc0f655e0bbd080335a95d7e96f3587da"

[[package]]
name = "borsh"
version = "1.8.0"
source = "registry+https://github.com/rust-lang/crates.io-index"
checksum = "a88b7ea17d208c4193f2c1e6de3c35fe71f98c96982d5ced308bdcc749ff6e1f"
dependencies = [
 "borsh-derive",
 "bytes",
 "cfg_aliases",
]

[[package]]
name = "borsh-derive"
version = "1.8.0"
source = "registry+https://github.com/rust-lang/crates.io-index"
checksum = "d8f347189c62a579b8cd5f80714efa178f52e461dc2e6d701d264f5ff22e566c"
dependencies = [
 "once_cell",
 "proc-macro-crate",
 "proc-macro2",
 "quote",
 "syn 2.0.119",
]

[[package]]
name = "bs58"
version = "0.5.1"
source = "registry+https://github.com/rust-lang/crates.io-index"
checksum = "bf88ba1141d185c399bee5288d850d63b8369520c1eafc32a0430b5b6c287bf4"
dependencies = [
 "tinyvec",
]

[[package]]
name = "bv"
version = "0.11.1"
source = "registry+https://github.com/rust-lang/crates.io-index"
checksum = "8834bb1d8ee5dc048ee3124f2c7c1afcc6bc9aed03f11e9dfd8c69470a5db340"
dependencies = [
 "feature-probe",
 "serde",
]

[[package]]
name = "bytemuck"
version = "1.25.2"
source = "registry+https://github.com/rust-lang/crates.io-index"
checksum = "95832e849adfb21180ccb6826a99da14e5d266ae5c2e668e1602cf234f153797"

[[package]]
name = "bytemuck_derive"
version = "1.11.0"
source = "registry+https://github.com/rust-lang/crates.io-index"
checksum = "f65693059b6b9c588b9f62fed1cedbf0a8b805631457ea162d68f0de186f3de5"
dependencies = [
 "proc-macro2",
 "quote",
 "syn 2.0.119",
]

[[package]]
name = "bytes"
version = "1.12.1"
source = "registry+https://github.com/rust-lang/crates.io-index"
checksum = "fc652a48c352aef3ea3aed32080501cf3ef6ed5da78602a020c991775b0aff04"

[[package]]
name = "cfg-if"
version = "1.0.4"
source = "registry+https://github.com/rust-lang/crates.io-index"
checksum = "9330f8b2ff13f34540b44e946ef35111825727b38d33286ef986142615121801"

[[package]]
name = "cfg_aliases"
version = "0.2.2"
source = "registry+https://github.com/rust-lang/crates.io-index"
checksum = "f079e83a288787bcd14a6aea84cee5c87a67c5a3e660c30f557a3d24761b3527"

[[package]]
name = "counter"
version = "0.1.0"
dependencies = [
 "borsh",
 "solana-account-info",
 "solana-msg",
 "solana-program-entrypoint",
 "solana-program-error",
 "solana-pubkey",
]

[[package]]
name = "darling"
version = "0.23.0"
source = "registry+https://github.com/rust-lang/crates.io-index"
checksum = "25ae13da2f202d56bd7f91c25fba009e7717a1e4a1cc98a76d844b65ae912e9d"
dependencies = [
 "darling_core",
 "darling_macro",
]

[[package]]
name = "darling_core"
version = "0.23.0"
source = "registry+https://github.com/rust-lang/crates.io-index"
checksum = "9865a50f7c335f53564bb694ef660825eb8610e0a53d3e11bf1b0d3df31e03b0"
dependencies = [
 "ident_case",
 "proc-macro2",
 "quote",
 "strsim",
 "syn 2.0.119",
]

[[package]]
name = "darling_macro"
version = "0.23.0"
source = "registry+https://github.com/rust-lang/crates.io-index"
checksum = "ac3984ec7bd6cfa798e62b4a642426a5be0e68f9401cfc2a01e3fa9ea2fcdb8d"
dependencies = [
 "darling_core",
 "quote",
 "syn 2.0.119",
]

[[package]]
name = "equivalent"
version = "1.0.2"
source = "registry+https://github.com/rust-lang/crates.io-index"
checksum = "877a4ace8713b0bcf2a4e7eec82529c029f1d0619886d18145fea96c3ffe5c0f"

[[package]]
name = "failure"
version = "0.1.0"
dependencies = [
 "solana-account-info",
 "solana-program-entrypoint",
 "solana-program-error",
 "solana-pubkey",
]

[[package]]
name = "feature-probe"
version = "0.1.1"
source = "registry+https://github.com/rust-lang/crates.io-index"
checksum = "835a3dc7d1ec9e75e2b5fb4ba75396837112d2060b03f7d43bc1897c7f7211da"

[[package]]
name = "five8"
version = "1.0.0"
source = "registry+https://github.com/rust-lang/crates.io-index"
checksum = "23f76610e969fa1784327ded240f1e28a3fd9520c9cec93b636fcf62dd37f772"
dependencies = [
 "five8_core",
]

[[package]]
name = "five8_const"
version = "1.0.0"
source = "registry+https://github.com/rust-lang/crates.io-index"
checksum = "1a0f1728185f277989ca573a402716ae0beaaea3f76a8ff87ef9dd8fb19436c5"
dependencies = [
 "five8_core",
]

[[package]]
name = "five8_core"
version = "1.0.0"
source = "registry+https://github.com/rust-lang/crates.io-index"
checksum = "059c31d7d36c43fe39d89e55711858b4da8be7eb6dabac23c7289b1a19489406"

[[package]]
name = "hashbrown"
version = "0.17.1"
source = "registry+https://github.com/rust-lang/crates.io-index"
checksum = "ed5909b6e89a2db4456e54cd5f673791d7eca6732202bbf2a9cc504fe2f9b84a"

[[package]]
name = "ident_case"
version = "1.0.1"
source = "registry+https://github.com/rust-lang/crates.io-index"
checksum = "b9e0384b61958566e926dc50660321d12159025e767c18e043daf26b70104c39"

[[package]]
name = "indexmap"
version = "2.14.0"
source = "registry+https://github.com/rust-lang/crates.io-index"
checksum = "d466e9454f08e4a911e14806c24e16fba1b4c121d1ea474396f396069cf949d9"
dependencies = [
 "equivalent",
 "hashbrown",
]

[[package]]
name = "lazy_static"
version = "1.5.0"
source = "registry+https://github.com/rust-lang/crates.io-index"
checksum = "bbd2bcb4c963f2ddae06a2efc7e9f3591312473c50c6685e1f298068316e66fe"

[[package]]
name = "libc"
version = "0.2.189"
source = "registry+https://github.com/rust-lang/crates.io-index"
checksum = "3eaf3ede3fee6db1a4c2ee091bf8a8b4dccdc6d17f656fb07896ee72867612f2"

[[package]]
name = "litesvm-clock-example"
version = "0.0.0"
dependencies = [
 "solana-account-info",
 "solana-clock",
 "solana-program-entrypoint",
 "solana-program-error",
 "solana-pubkey",
 "solana-sysvar",
]

[[package]]
name = "lock_api"
version = "0.4.14"
source = "registry+https://github.com/rust-lang/crates.io-index"
checksum = "224399e74b87b5f3557511d98dff8b14089b3dadafcab6bb93eab67d3aace965"
dependencies = [
 "scopeguard",
]

[[package]]
name = "log"
version = "0.4.33"
source = "registry+https://github.com/rust-lang/crates.io-index"
checksum = "0ceec5bc11778974d1bcb055b18002eba7f4b3518b6a0081b3af5f21666da9ad"

[[package]]
name = "memchr"
version = "2.8.3"
source = "registry+https://github.com/rust-lang/crates.io-index"
checksum = "cf8baf1c55e62ffcace7a9f06f4bd9cd3f0c4beb022d3b367256b91b87513d98"

[[package]]
name = "num-traits"
version = "0.2.19"
source = "registry+https://github.com/rust-lang/crates.io-index"
checksum = "071dfc062690e90b734c0b2273ce72ad0ffa95f0c74596bc250dcfd960262841"
dependencies = [
 "autocfg",
]

[[package]]
name = "once_cell"
version = "1.21.4"
source = "registry+https://github.com/rust-lang/crates.io-index"
checksum = "9f7c3e4beb33f85d45ae3e3a1792185706c8e16d043238c593331cc7cd313b50"

[[package]]
name = "parking_lot"
version = "0.12.5"
source = "registry+https://github.com/rust-lang/crates.io-index"
checksum = "93857453250e3077bd71ff98b6a65ea6621a19bb0f559a85248955ac12c45a1a"
dependencies = [
 "lock_api",
 "parking_lot_core",
]

[[package]]
name = "parking_lot_core"
version = "0.9.12"
source = "registry+https://github.com/rust-lang/crates.io-index"
checksum = "2621685985a2ebf1c516881c026032ac7deafcda1a2c9b7850dc81e3dfcb64c1"
dependencies = [
 "cfg-if",
 "libc",
 "redox_syscall",
 "smallvec",
 "windows-link",
]

[[package]]
name = "pastey"
version = "0.2.3"
source = "registry+https://github.com/rust-lang/crates.io-index"
checksum = "2ee67f1008b1ba2321834326597b8e186293b049a023cdef258527550b9935b4"

[[package]]
name = "proc-macro-crate"
version = "3.3.0"
source = "registry+https://github.com/rust-lang/crates.io-index"
checksum = "edce586971a4dfaa28950c6f18ed55e0406c1ab88bbce2c6f6293a7aaba73d35"
dependencies = [
 "toml_edit",
]

[[package]]
name = "proc-macro2"
version = "1.0.107"
source = "registry+https://github.com/rust-lang/crates.io-index"
checksum = "985e7ec9bb745e6ce6535b544d84d6cd6f7ad8bd711c398938ae983b91a766d9"
dependencies = [
 "unicode-ident",
]

[[package]]
name = "quote"
version = "1.0.47"
source = "registry+https://github.com/rust-lang/crates.io-index"
checksum = "1fbf4db142a473a8d80c26bbf18454ed458bf8d26c8219c331daecfdbd079001"
dependencies = [
 "proc-macro2",
]

[[package]]
name = "redox_syscall"
version = "0.5.18"
source = "registry+https://github.com/rust-lang/crates.io-index"
checksum = "ed2bf2547551a7053d6fdfafda3f938979645c44812fbfcda098faae3f1a362d"
dependencies = [
 "bitflags",
]

[[package]]
name = "scopeguard"
version = "1.2.0"
source = "registry+https://github.com/rust-lang/crates.io-index"
checksum = "94143f37725109f92c262ed2cf5e59bce7498c01bcc1502d7b9afe439a4e9f49"

[[package]]
name = "serde"
version = "1.0.229"
source = "registry+https://github.com/rust-lang/crates.io-index"
checksum = "4148590afebada386688f18773da617792bf2ef03ffc1e4cbd2b1d45b023e0ba"
dependencies = [
 "serde_core",
 "serde_derive",
]

[[package]]
name = "serde_core"
version = "1.0.229"
source = "registry+https://github.com/rust-lang/crates.io-index"
checksum = "67dca2c9c51e58a4791a4b1ed58308b39c64224d349a935ab5039aa360942a48"
dependencies = [
 "serde_derive",
]

[[package]]
name = "serde_derive"
version = "1.0.229"
source = "registry+https://github.com/rust-lang/crates.io-index"
checksum = "e7a5d71263a5a7d47b41f6b3f06ba276f10cc18b0931f1799f710578e2309348"
dependencies = [
 "proc-macro2",
 "quote",
 "syn 3.0.3",
]

[[package]]
name = "smallvec"
version = "1.15.2"
source = "registry+https://github.com/rust-lang/crates.io-index"
checksum = "8ed6a63f02c8539c91a8685a86f4099661ba3da017932f6ebbea6de3f0fa7c90"

[[package]]
name = "solana-account-info"
version = "3.1.1"
source = "registry+https://github.com/rust-lang/crates.io-index"
checksum = "a9cf16495d9eb53e3d04e72366a33bb1c20c24e78c171d8b8f5978357b63ae95"
dependencies = [
 "solana-address",
 "solana-program-error",
 "solana-program-memory",
]

[[package]]
name = "solana-address"
version = "2.6.1"
source = "registry+https://github.com/rust-lang/crates.io-index"
checksum = "39c93e262f671bf402e1040e4a7e40b05d81da5956c7681948c975a0997517bb"
dependencies = [
 "borsh",
 "five8",
 "five8_const",
 "serde",
 "serde_derive",
 "solana-atomic-u64",
 "solana-define-syscall 5.1.0",
 "solana-program-error",
 "solana-sanitize",
 "wincode",
]

[[package]]
name = "solana-atomic-u64"
version = "3.0.1"
source = "registry+https://github.com/rust-lang/crates.io-index"
checksum = "085db4906d89324cef2a30840d59eaecf3d4231c560ec7c9f6614a93c652f501"
dependencies = [
 "parking_lot",
]

[[package]]
name = "solana-clock"
version = "3.1.1"
source = "registry+https://github.com/rust-lang/crates.io-index"
checksum = "f0acdace90d96e2c9e70d681465b4fe888b6bcf27c354ae9774e9f8a3b72923d"
dependencies = [
 "serde",
 "serde_derive",
 "solana-get-sysvar",
 "solana-sdk-ids",
 "solana-sdk-macro",
 "solana-sysvar-id",
]

[[package]]
name = "solana-cpi"
version = "3.1.0"
source = "registry+https://github.com/rust-lang/crates.io-index"
checksum = "4dea26709d867aada85d0d3617db0944215c8bb28d3745b912de7db13a23280c"
dependencies = [
 "solana-account-info",
 "solana-define-syscall 4.0.1",
 "solana-instruction",
 "solana-program-error",
 "solana-pubkey",
 "solana-stable-layout",
]

[[package]]
name = "solana-define-syscall"
version = "4.0.1"
source = "registry+https://github.com/rust-lang/crates.io-index"
checksum = "57e5b1c0bc1d4a4d10c88a4100499d954c09d3fecfae4912c1a074dff68b1738"

[[package]]
name = "solana-define-syscall"
version = "5.1.0"
source = "registry+https://github.com/rust-lang/crates.io-index"
checksum = "21e14a4f604117f379840956a8fc8695e4c84f5b0ebed192f31f60d9b85d581d"

[[package]]
name = "solana-epoch-rewards"
version = "3.1.0"
source = "registry+https://github.com/rust-lang/crates.io-index"
checksum = "daf7eb4986b0b1d6f562b21f75a836f1a6df6e00c275efcef50aab5c144dc59e"
dependencies = [
 "serde",
 "serde_derive",
 "solana-get-sysvar",
 "solana-hash",
 "solana-sdk-ids",
 "solana-sdk-macro",
 "solana-sysvar-id",
]

[[package]]
name = "solana-epoch-schedule"
version = "3.2.0"
source = "registry+https://github.com/rust-lang/crates.io-index"
checksum = "8116e6ffa6002237d5ab5edcbda17f9ba66b6742c45a89c9fb40a94dbacd4c1d"
dependencies = [
 "serde",
 "serde_derive",
 "solana-get-sysvar",
 "solana-program-error",
 "solana-sdk-ids",
 "solana-sdk-macro",
 "solana-sysvar-id",
]

[[package]]
name = "solana-epoch-stake"
version = "3.0.1"
source = "registry+https://github.com/rust-lang/crates.io-index"
checksum = "027e6d0b9e7daac5b2ac7c3f9ca1b727861121d9ef05084cf435ff736051e7c2"
dependencies = [
 "solana-define-syscall 5.1.0",
 "solana-pubkey",
]

[[package]]
name = "solana-fee-calculator"
version = "3.2.2"
source = "registry+https://github.com/rust-lang/crates.io-index"
checksum = "ef67f01cc6a0c72e99a08d0d484683f995de4c80e9568728fa77d1537f9b7e09"
dependencies = [
 "log",
 "serde",
 "serde_derive",
]

[[package]]
name = "solana-get-sysvar"
version = "1.0.0"
source = "registry+https://github.com/rust-lang/crates.io-index"
checksum = "ef3bc859fc036ed490146793557386cbfae614ebba4adc704c37d94350824ed4"
dependencies = [
 "solana-address",
 "solana-define-syscall 5.1.0",
 "solana-program-error",
]

[[package]]
name = "solana-hash"
version = "4.5.0"
source = "registry+https://github.com/rust-lang/crates.io-index"
checksum = "6f4c847893a2ea50b4ae3ca723b124e07cd0544fecea3598f785168f9b78333f"
dependencies = [
 "bytemuck",
 "bytemuck_derive",
 "five8",
 "serde",
 "serde_derive",
]

[[package]]
name = "solana-instruction"
version = "3.4.0"
source = "registry+https://github.com/rust-lang/crates.io-index"
checksum = "37ebb0ffd19263051bc3f683fcc086134b8ff23af894dcb63f7563c7137b42f1"
dependencies = [
 "solana-define-syscall 5.1.0",
 "solana-instruction-error",
 "solana-pubkey",
]

[[package]]
name = "solana-instruction-error"
version = "2.4.0"
source = "registry+https://github.com/rust-lang/crates.io-index"
checksum = "3b7d34343838343a3755b7dfb1e438d94c6db2263b519cfe3c2257af932b6e93"
dependencies = [
 "num-traits",
 "solana-program-error",
]

[[package]]
name = "solana-last-restart-slot"
version = "3.1.0"
source = "registry+https://github.com/rust-lang/crates.io-index"
checksum = "c22474b83d3c7c318e1c3a725784fc2d1d03b728e36369e58ce48769a61ed85e"
dependencies = [
 "serde",
 "serde_derive",
 "solana-get-sysvar",
 "solana-sdk-ids",
 "solana-sdk-macro",
 "solana-sysvar-id",
]

[[package]]
name = "solana-msg"
version = "3.1.0"
source = "registry+https://github.com/rust-lang/crates.io-index"
checksum = "726b7cbbc6be6f1c6f29146ac824343b9415133eee8cce156452ad1db93f8008"
dependencies = [
 "solana-define-syscall 5.1.0",
]

[[package]]
name = "solana-program-entrypoint"
version = "3.1.1"
source = "registry+https://github.com/rust-lang/crates.io-index"
checksum = "84c9b0a1ff494e05f503a08b3d51150b73aa639544631e510279d6375f290997"
dependencies = [
 "solana-account-info",
 "solana-define-syscall 4.0.1",
 "solana-program-error",
 "solana-pubkey",
]

[[package]]
name = "solana-program-error"
version = "3.0.1"
source = "registry+https://github.com/rust-lang/crates.io-index"
checksum = "4f04fa578707b3612b095f0c8e19b66a1233f7c42ca8082fcb3b745afcc0add6"
dependencies = [
 "borsh",
]

[[package]]
name = "solana-program-memory"
version = "3.1.0"
source = "registry+https://github.com/rust-lang/crates.io-index"
checksum = "4068648649653c2c50546e9a7fb761791b5ab0cda054c771bb5808d3a4b9eb52"
dependencies = [
 "solana-define-syscall 4.0.1",
]

[[package]]
name = "solana-pubkey"
version = "4.2.0"
source = "registry+https://github.com/rust-lang/crates.io-index"
checksum = "7db719574990de7e8b0f55a8593ac92a5ccb42c8ce67b3e4bf05b139d5d9ee71"
dependencies = [
 "solana-address",
]

[[package]]
name = "solana-rent"
version = "4.3.0"
source = "registry+https://github.com/rust-lang/crates.io-index"
checksum = "39f0d780bf8e8a1fe8b5b5fce1acad6b209485b86dec246e7523d5e4a8b7c7fc"
dependencies = [
 "serde",
 "serde_derive",
 "solana-get-sysvar",
 "solana-sdk-ids",
 "solana-sdk-macro",
 "solana-sysvar-id",
]

[[package]]
name = "solana-sanitize"
version = "3.0.1"
source = "registry+https://github.com/rust-lang/crates.io-index"
checksum = "dcf09694a0fc14e5ffb18f9b7b7c0f15ecb6eac5b5610bf76a1853459d19daf9"

[[package]]
name = "solana-sdk-ids"
version = "3.1.0"
source = "registry+https://github.com/rust-lang/crates.io-index"
checksum = "def234c1956ff616d46c9dd953f251fa7096ddbaa6d52b165218de97882b7280"
dependencies = [
 "solana-address",
]

[[package]]
name = "solana-sdk-macro"
version = "3.0.1"
source = "registry+https://github.com/rust-lang/crates.io-index"
checksum = "8765316242300c48242d84a41614cb3388229ec353ba464f6fe62a733e41806f"
dependencies = [
 "bs58",
 "proc-macro2",
 "quote",
 "syn 2.0.119",
]

[[package]]
name = "solana-slot-hashes"
version = "3.1.0"
source = "registry+https://github.com/rust-lang/crates.io-index"
checksum = "5c7ce2b4b8911bf2db3de7b6266e67bfc21a6a9f8c566fb096d9782ca2ad16ee"
dependencies = [
 "serde",
 "serde_derive",
 "solana-get-sysvar",
 "solana-hash",
 "solana-sdk-ids",
 "solana-sysvar-id",
]

[[package]]
name = "solana-slot-history"
version = "3.1.0"
source = "registry+https://github.com/rust-lang/crates.io-index"
checksum = "40427c04d3e808493cb5e3d1a97cef84d7c15cb6f89b15c5684d0d4027105600"
dependencies = [
 "bv",
 "serde",
 "serde_derive",
 "solana-get-sysvar",
 "solana-sdk-ids",
 "solana-sysvar-id",
]

[[package]]
name = "solana-stable-layout"
version = "3.0.1"
source = "registry+https://github.com/rust-lang/crates.io-index"
checksum = "c9f6a291ba063a37780af29e7db14bdd3dc447584d8ba5b3fc4b88e2bbc982fa"
dependencies = [
 "solana-instruction",
 "solana-pubkey",
]

[[package]]
name = "solana-stake-history"
version = "1.0.0"
source = "registry+https://github.com/rust-lang/crates.io-index"
checksum = "c736a6aa0e53b9d264d90b06589fc0996f49f882f3e71842ed754fc57ffc1a43"
dependencies = [
 "serde",
 "serde_derive",
 "solana-clock",
 "solana-get-sysvar",
 "solana-sdk-ids",
 "solana-sysvar-id",
]

[[package]]
name = "solana-sysvar"
version = "4.1.0"
source = "registry+https://github.com/rust-lang/crates.io-index"
checksum = "ada7045bbfdd802af08fbc9c7e2b56ddabb20599d22e4c3840fcef5e7afb8324"
dependencies = [
 "base64",
 "bincode",
 "lazy_static",
 "serde",
 "serde_derive",
 "solana-account-info",
 "solana-clock",
 "solana-define-syscall 5.1.0",
 "solana-epoch-rewards",
 "solana-epoch-schedule",
 "solana-fee-calculator",
 "solana-get-sysvar",
 "solana-hash",
 "solana-instruction",
 "solana-last-restart-slot",
 "solana-program-entrypoint",
 "solana-program-error",
 "solana-program-memory",
 "solana-pubkey",
 "solana-rent",
 "solana-sdk-ids",
 "solana-sdk-macro",
 "solana-slot-hashes",
 "solana-slot-history",
 "solana-stake-history",
 "solana-sysvar-id",
]

[[package]]
name = "solana-sysvar-id"
version = "3.1.0"
source = "registry+https://github.com/rust-lang/crates.io-index"
checksum = "17358d1e9a13e5b9c2264d301102126cf11a47fd394cdf3dec174fe7bc96e1de"
dependencies = [
 "solana-address",
 "solana-sdk-ids",
]

[[package]]
name = "strsim"
version = "0.11.1"
source = "registry+https://github.com/rust-lang/crates.io-index"
checksum = "7da8b5736845d9f2fcb837ea5d9e2628564b3b043a70948a3f0b778838c5fb4f"

[[package]]
name = "syn"
version = "2.0.119"
source = "registry+https://github.com/rust-lang/crates.io-index"
checksum = "872831b642d1a07999a962a351ed35b955ea2cfc8f3862091e2a240a84f17297"
dependencies = [
 "proc-macro2",
 "quote",
 "unicode-ident",
]

[[package]]
name = "syn"
version = "3.0.3"
source = "registry+https://github.com/rust-lang/crates.io-index"
checksum = "53e9bae58849f64dfa4f5d5ae372c8341f7305f82a3868709269343628b659a3"
dependencies = [
 "proc-macro2",
 "quote",
 "unicode-ident",
]

[[package]]
name = "test-program-cpi-maker"
version = "0.1.0"
dependencies = [
 "solana-account-info",
 "solana-cpi",
 "solana-instruction",
 "solana-msg",
 "solana-program-entrypoint",
 "solana-program-error",
 "solana-pubkey",
]

[[package]]
name = "test-program-custom-syscall"
version = "0.1.0"
dependencies = [
 "solana-account-info",
 "solana-define-syscall 4.0.1",
 "solana-program-entrypoint",
 "solana-program-error",
 "solana-pubkey",
]

[[package]]
name = "test-program-epoch-stake"
version = "0.0.0"
dependencies = [
 "solana-account-info",
 "solana-epoch-stake",
 "solana-program-entrypoint",
 "solana-program-error",
 "solana-pubkey",
]

[[package]]
name = "thiserror"
version = "2.0.19"
source = "registry+https://github.com/rust-lang/crates.io-index"
checksum = "09a43598840e33d5b0331f38c5e30d13bb11c11210a4b58f0d9b18a5a5eefcd9"
dependencies = [
 "thiserror-impl",
]

[[package]]
name = "thiserror-impl"
version = "2.0.19"
source = "registry+https://github.com/rust-lang/crates.io-index"
checksum = "43cbfe0cf76104d42a574802844187e84a305e531ed54455f11fbde0f10541cd"
dependencies = [
 "proc-macro2",
 "quote",
 "syn 3.0.3",
]

[[package]]
name = "tinyvec"
version = "1.12.0"
source = "registry+https://github.com/rust-lang/crates.io-index"
checksum = "bb4ebadaa0af04fab11ae01eb5f9fdb5f9c5b875506e210e71c07873528baa7f"
dependencies = [
 "tinyvec_macros",
]

[[package]]
name = "tinyvec_macros"
version = "0.1.1"
source = "registry+https://github.com/rust-lang/crates.io-index"
checksum = "1f3ccbac311fea05f86f61904b462b55fb3df8837a366dfc601a0161d0532f20"

[[package]]
name = "toml_datetime"
version = "0.6.11"
source = "registry+https://github.com/rust-lang/crates.io-index"
checksum = "22cddaf88f4fbc13c51aebbf5f8eceb5c7c5a9da2ac40a13519eb5b0a0e8f11c"

[[package]]
name = "toml_edit"
version = "0.22.27"
source = "registry+https://github.com/rust-lang/crates.io-index"
checksum = "41fe8c660ae4257887cf66394862d21dbca4a6ddd26f04a3560410406a2f819a"
dependencies = [
 "indexmap",
 "toml_datetime",
 "winnow",
]

[[package]]
name = "unicode-ident"
version = "1.0.24"
source = "registry+https://github.com/rust-lang/crates.io-index"
checksum = "e6e4313cd5fcd3dad5cafa179702e2b244f760991f45397d14d4ebf38247da75"

[[package]]
name = "wincode"
version = "0.5.5"
source = "registry+https://github.com/rust-lang/crates.io-index"
checksum = "66d967db7705dc29120bb6e8ce5b5a2e27734ed5976d1c904e95bd238d1c3c5a"
dependencies = [
 "pastey",
 "proc-macro2",
 "quote",
 "thiserror",
 "wincode-derive",
]

[[package]]
name = "wincode-derive"
version = "0.4.6"
source = "registry+https://github.com/rust-lang/crates.io-index"
checksum = "15ab90b719560d0fda79c74550ad1c948d17b118765942838055ebaf34d67071"
dependencies = [
 "darling",
 "proc-macro2",
 "quote",
 "syn 2.0.119",
]

[[package]]
name = "windows-link"
version = "0.2.1"
source = "registry+https://github.com/rust-lang/crates.io-index"
checksum = "f0805222e57f7521d6a62e36fa9163bc891acd422f971defe97d64e70d0a4fe5"

[[package]]
name = "winnow"
version = "0.7.15"
source = "registry+https://github.com/rust-lang/crates.io-index"
checksum = "df79d97927682d2fd8adb29682d1140b343be4ac0f08fd68b7765d9c059d3945"
dependencies = [
 "memchr",
]
